
Microsoft Visual Studio Solution File, Format Version 12.00
# Visual Studio Version 17
VisualStudioVersion = 17.14.36127.28 d17.14
MinimumVisualStudioVersion = 10.0.40219.1
Project("{8BC9CEB8-8B4A-11D0-8D11-00A0C91BC942}") = "PB_Hack", "PB_Hack.vcxproj", "{5AEB4398-9F0A-4927-8B0F-E7A59352BB03}"
EndProject
Project("{8BC9CEB8-8B4A-11D0-8D11-00A0C91BC942}") = "PB_Injector", "..\PB_Injector\PB_Injector.vcxproj", "{CDD379DE-E677-476F-91F8-6BD2D26DB128}"
EndProject
Global
	GlobalSection(SolutionConfigurationPlatforms) = preSolution
		Debug|x64 = Debug|x64
		Debug|x86 = Debug|x86
		Release|x64 = Release|x64
		Release|x86 = Release|x86
	EndGlobalSection
	GlobalSection(ProjectConfigurationPlatforms) = postSolution
		{5AEB4398-9F0A-4927-8B0F-E7A59352BB03}.Debug|x64.ActiveCfg = Debug|x64
		{5AEB4398-9F0A-4927-8B0F-E7A59352BB03}.Debug|x64.Build.0 = Debug|x64
		{5AEB4398-9F0A-4927-8B0F-E7A59352BB03}.Debug|x86.ActiveCfg = Debug|Win32
		{5AEB4398-9F0A-4927-8B0F-E7A59352BB03}.Debug|x86.Build.0 = Debug|Win32
		{5AEB4398-9F0A-4927-8B0F-E7A59352BB03}.Release|x64.ActiveCfg = Release|x64
		{5AEB4398-9F0A-4927-8B0F-E7A59352BB03}.Release|x64.Build.0 = Release|x64
		{5AEB4398-9F0A-4927-8B0F-E7A59352BB03}.Release|x86.ActiveCfg = Release|Win32
		{5AEB4398-9F0A-4927-8B0F-E7A59352BB03}.Release|x86.Build.0 = Release|Win32
		{CDD379DE-E677-476F-91F8-6BD2D26DB128}.Debug|x64.ActiveCfg = Debug|x64
		{CDD379DE-E677-476F-91F8-6BD2D26DB128}.Debug|x64.Build.0 = Debug|x64
		{CDD379DE-E677-476F-91F8-6BD2D26DB128}.Debug|x86.ActiveCfg = Debug|Win32
		{CDD379DE-E677-476F-91F8-6BD2D26DB128}.Debug|x86.Build.0 = Debug|Win32
		{CDD379DE-E677-476F-91F8-6BD2D26DB128}.Release|x64.ActiveCfg = Release|x64
		{CDD379DE-E677-476F-91F8-6BD2D26DB128}.Release|x64.Build.0 = Release|x64
		{CDD379DE-E677-476F-91F8-6BD2D26DB128}.Release|x86.ActiveCfg = Release|Win32
		{CDD379DE-E677-476F-91F8-6BD2D26DB128}.Release|x86.Build.0 = Release|Win32
	EndGlobalSection
	GlobalSection(SolutionProperties) = preSolution
		HideSolutionNode = FALSE
	EndGlobalSection
	GlobalSection(ExtensibilityGlobals) = postSolution
		SolutionGuid = {4EBF3DB0-8BFD-46D8-87FA-70C7C63BE4A7}
	EndGlobalSection
EndGlobal
